
Microsoft Visual Studio Solution File, Format Version 12.00
# Visual Studio 15
VisualStudioVersion = 15.0.28307.902
MinimumVisualStudioVersion = 10.0.40219.1
Project("{FAE04EC0-301F-11D3-BF4B-00C04F79EFBC}") = "Homestead", "Homestead\Homestead.csproj", "{274E1D92-51F6-4C47-9EF7-CC6355E641C2}"
EndProject
Global
	GlobalSection(SolutionConfigurationPlatforms) = preSolution
		Debug|Any CPU = Debug|Any CPU
		Release|Any CPU = Release|Any CPU
	EndGlobalSection
	GlobalSection(ProjectConfigurationPlatforms) = postSolution
		{274E1D92-51F6-4C47-9EF7-CC6355E641C2}.Debug|Any CPU.ActiveCfg = Debug|Any CPU
		{274E1D92-51F6-4C47-9EF7-CC6355E641C2}.Debug|Any CPU.Build.0 = Debug|Any CPU
		{274E1D92-51F6-4C47-9EF7-CC6355E641C2}.Release|Any CPU.ActiveCfg = Release|Any CPU
		{274E1D92-51F6-4C47-9EF7-CC6355E641C2}.Release|Any CPU.Build.0 = Release|Any CPU
	EndGlobalSection
	GlobalSection(SolutionProperties) = preSolution
		HideSolutionNode = FALSE
	EndGlobalSection
	GlobalSection(ExtensibilityGlobals) = postSolution
		SolutionGuid = {D6135F4C-75DB-4A5D-9C45-5120C60708CF}
	EndGlobalSection
EndGlobal
